// !$*UTF8*$!
{
	archiveVersion = 1;
	classes = {
	};
	objectVersion = 46;
	objects = {

/* Begin PBXBuildFile section */
		410FAC94174EDA0400CB118D /* UIKit.framework in Frameworks */ = {isa = PBXBuildFile; fileRef = 410FAC93174EDA0400CB118D /* UIKit.framework */; };
		410FAC96174EDA0400CB118D /* Foundation.framework in Frameworks */ = {isa = PBXBuildFile; fileRef = 410FAC95174EDA0400CB118D /* Foundation.framework */; };
		410FAC98174EDA0400CB118D /* CoreGraphics.framework in Frameworks */ = {isa = PBXBuildFile; fileRef = 410FAC97174EDA0400CB118D /* CoreGraphics.framework */; };
		410FAC9E174EDA0400CB118D /* InfoPlist.strings in Resources */ = {isa = PBXBuildFile; fileRef = 410FAC9C174EDA0400CB118D /* InfoPlist.strings */; };
		410FACA0174EDA0400CB118D /* main.m in Sources */ = {isa = PBXBuildFile; fileRef = 410FAC9F174EDA0400CB118D /* main.m */; };
		410FACA4174EDA0400CB118D /* AppDelegate.m in Sources */ = {isa = PBXBuildFile; fileRef = 410FACA3174EDA0400CB118D /* AppDelegate.m */; };
		410FACA6174EDA0400CB118D /* Default.png in Resources */ = {isa = PBXBuildFile; fileRef = 410FACA5174EDA0400CB118D /* Default.png */; };
		410FACA8174EDA0400CB118D /* Default@2x.png in Resources */ = {isa = PBXBuildFile; fileRef = 410FACA7174EDA0400CB118D /* Default@2x.png */; };
		410FACAA174EDA0400CB118D /* Default-568h@2x.png in Resources */ = {isa = PBXBuildFile; fileRef = 410FACA9174EDA0400CB118D /* Default-568h@2x.png */; };
		410FACAD174EDA0400CB118D /* MainStoryboard.storyboard in Resources */ = {isa = PBXBuildFile; fileRef = 410FACAB174EDA0400CB118D /* MainStoryboard.storyboard */; };
		410FACB0174EDA0400CB118D /* ViewController.m in Sources */ = {isa = PBXBuildFile; fileRef = 410FACAF174EDA0400CB118D /* ViewController.m */; };
/* End PBXBuildFile section */

/* Begin PBXFileReference section */
		410FAC90174EDA0400CB118D /* testingGitHub.app */ = {isa = PBXFileReference; explicitFileType = wrapper.application; includeInIndex = 0; path = testingGitHub.app; sourceTree = BUILT_PRODUCTS_DIR; };
		410FAC93174EDA0400CB118D /* UIKit.framework */ = {isa = PBXFileReference; lastKnownFileType = wrapper.framework; name = UIKit.framework; path = System/Library/Frameworks/UIKit.framework; sourceTree = SDKROOT; };
		410FAC95174EDA0400CB118D /* Foundation.framework */ = {isa = PBXFileReference; lastKnownFileType = wrapper.framework; name = Foundation.framework; path = System/Library/Frameworks/Foundation.framework; sourceTree = SDKROOT; };
		410FAC97174EDA0400CB118D /* CoreGraphics.framework */ = {isa = PBXFileReference; lastKnownFileType = wrapper.framework; name = CoreGraphics.framework; path = System/Library/Frameworks/CoreGraphics.framework; sourceTree = SDKROOT; };
		410FAC9B174EDA0400CB118D /* testingGitHub-Info.plist */ = {isa = PBXFileReference; lastKnownFileType = text.plist.xml; path = "testingGitHub-Info.plist"; sourceTree = "<group>"; };
		410FAC9D174EDA0400CB118D /* en */ = {isa = PBXFileReference; lastKnownFileType = text.plist.strings; name = en; path = en.lproj/InfoPlist.strings; sourceTree = "<group>"; };
		410FAC9F174EDA0400CB118D /* main.m */ = {isa = PBXFileReference; lastKnownFileType = sourcecode.c.objc; path = main.m; sourceTree = "<group>"; };
		410FACA1174EDA0400CB118D /* testingGitHub-Prefix.pch */ = {isa = PBXFileReference; lastKnownFileType = sourcecode.c.h; path = "testingGitHub-Prefix.pch"; sourceTree = "<group>"; };
		410FACA2174EDA0400CB118D /* AppDelegate.h */ = {isa = PBXFileReference; lastKnownFileType = sourcecode.c.h; path = AppDelegate.h; sourceTree = "<group>"; };
		410FACA3174EDA0400CB118D /* AppDelegate.m */ = {isa = PBXFileReference; lastKnownFileType = sourcecode.c.objc; path = AppDelegate.m; sourceTree = "<group>"; };
		410FACA5174EDA0400CB118D /* Default.png */ = {isa = PBXFileReference; lastKnownFileType = image.png; path = Default.png; sourceTree = "<group>"; };
		410FACA7174EDA0400CB118D /* Default@2x.png */ = {isa = PBXFileReference; lastKnownFileType = image.png; path = "Default@2x.png"; sourceTree = "<group>"; };
		410FACA9174EDA0400CB118D /* Default-568h@2x.png */ = {isa = PBXFileReference; lastKnownFileType = image.png; path = "Default-568h@2x.png"; sourceTree = "<group>"; };
		410FACAC174EDA0400CB118D /* en */ = {isa = PBXFileReference; lastKnownFileType = file.storyboard; name = en; path = en.lproj/MainStoryboard.storyboard; sourceTree = "<group>"; };
		410FACAE174EDA0400CB118D /* ViewController.h */ = {isa = PBXFileReference; lastKnownFileType = sourcecode.c.h; path = ViewController.h; sourceTree = "<group>"; };
		410FACAF174EDA0400CB118D /* ViewController.m */ = {isa = PBXFileReference; lastKnownFileType = sourcecode.c.objc; path = ViewController.m; sourceTree = "<group>"; };
/* End PBXFileReference section */

/* Begin PBXFrameworksBuildPhase section */
		410FAC8D174EDA0400CB118D /* Frameworks */ = {
			isa = PBXFrameworksBuildPhase;
			buildActionMask = 2147483647;
			files = (
				410FAC94174EDA0400CB118D /* UIKit.framework in Frameworks */,
				410FAC96174EDA0400CB118D /* Foundation.framework in Frameworks */,
				410FAC98174EDA0400CB118D /* CoreGraphics.framework in Frameworks */,
			);
			runOnlyForDeploymentPostprocessing = 0;
		};
/* End PBXFrameworksBuildPhase section */

/* Begin PBXGroup section */
		410FAC87174EDA0400CB118D = {
			isa = PBXGroup;
			children = (
				410FAC99174EDA0400CB118D /* testingGitHub */,
				410FAC92174EDA0400CB118D /* Frameworks */,
				410FAC91174EDA0400CB118D /* Products */,
			);
			sourceTree = "<group>";
		};
		410FAC91174EDA0400CB118D /* Products */ = {
			isa = PBXGroup;
			children = (
				410FAC90174EDA0400CB118D /* testingGitHub.app */,
			);
			name = Products;
			sourceTree = "<group>";
		};
		410FAC92174EDA0400CB118D /* Frameworks */ = {
			isa = PBXGroup;
			children = (
				410FAC93174EDA0400CB118D /* UIKit.framework */,
				410FAC95174EDA0400CB118D /* Foundation.framework */,
				410FAC97174EDA0400CB118D /* CoreGraphics.framework */,
			);
			name = Frameworks;
			sourceTree = "<group>";
		};
		410FAC99174EDA0400CB118D /* testingGitHub */ = {
			isa = PBXGroup;
			children = (
				410FACA2174EDA0400CB118D /* AppDelegate.h */,
				410FACA3174EDA0400CB118D /* AppDelegate.m */,
				410FACAB174EDA0400CB118D /* MainStoryboard.storyboard */,
				410FACAE174EDA0400CB118D /* ViewController.h */,
				410FACAF174EDA0400CB118D /* ViewController.m */,
				410FAC9A174EDA0400CB118D /* Supporting Files */,
			);
			path = testingGitHub;
			sourceTree = "<group>";
		};
		410FAC9A174EDA0400CB118D /* Supporting Files */ = {
			isa = PBXGroup;
			children = (
				410FAC9B174EDA0400CB118D /* testingGitHub-Info.plist */,
				410FAC9C174EDA0400CB118D /* InfoPlist.strings */,
				410FAC9F174EDA0400CB118D /* main.m */,
				410FACA1174EDA0400CB118D /* testingGitHub-Prefix.pch */,
				410FACA5174EDA0400CB118D /* Default.png */,
				410FACA7174EDA0400CB118D /* Default@2x.png */,
				410FACA9174EDA0400CB118D /* Default-568h@2x.png */,
			);
			name = "Supporting Files";
			sourceTree = "<group>";
		};
/* End PBXGroup section */

/* Begin PBXNativeTarget section */
		410FAC8F174EDA0400CB118D /* testingGitHub */ = {
			isa = PBXNativeTarget;
			buildConfigurationList = 410FACB3174EDA0400CB118D /* Build configuration list for PBXNativeTarget "testingGitHub" */;
			buildPhases = (
				410FAC8C174EDA0400CB118D /* Sources */,
				410FAC8D174EDA0400CB118D /* Frameworks */,
				410FAC8E174EDA0400CB118D /* Resources */,
			);
			buildRules = (
			);
			dependencies = (
			);
			name = testingGitHub;
			productName = testingGitHub;
			productReference = 410FAC90174EDA0400CB118D /* testingGitHub.app */;
			productType = "com.apple.product-type.application";
		};
/* End PBXNativeTarget section */

/* Begin PBXProject section */
		410FAC88174EDA0400CB118D /* Project object */ = {
			isa = PBXProject;
			attributes = {
				LastUpgradeCheck = 0460;
				ORGANIZATIONNAME = "Cheryl Byerly";
			};
			buildConfigurationList = 410FAC8B174EDA0400CB118D /* Build configuration list for PBXProject "testingGitHub" */;
			compatibilityVersion = "Xcode 3.2";
			developmentRegion = English;
			hasScannedForEncodings = 0;
			knownRegions = (
				en,
			);
			mainGroup = 410FAC87174EDA0400CB118D;
			productRefGroup = 410FAC91174EDA0400CB118D /* Products */;
			projectDirPath = "";
			projectRoot = "";
			targets = (
				410FAC8F174EDA0400CB118D /* testingGitHub */,
			);
		};
/* End PBXProject section */

/* Begin PBXResourcesBuildPhase section */
		410FAC8E174EDA0400CB118D /* Resources */ = {
			isa = PBXResourcesBuildPhase;
			buildActionMask = 2147483647;
			files = (
				410FAC9E174EDA0400CB118D /* InfoPlist.strings in Resources */,
				410FACA6174EDA0400CB118D /* Default.png in Resources */,
				410FACA8174EDA0400CB118D /* Default@2x.png in Resources */,
				410FACAA174EDA0400CB118D /* Default-568h@2x.png in Resources */,
				410FACAD174EDA0400CB118D /* MainStoryboard.storyboard in Resources */,
			);
			runOnlyForDeploymentPostprocessing = 0;
		};
/* End PBXResourcesBuildPhase section */

/* Begin PBXSourcesBuildPhase section */
		410FAC8C174EDA0400CB118D /* Sources */ = {
			isa = PBXSourcesBuildPhase;
			buildActionMask = 2147483647;
			files = (
				410FACA0174EDA0400CB118D /* main.m in Sources */,
				410FACA4174EDA0400CB118D /* AppDelegate.m in Sources */,
				410FACB0174EDA0400CB118D /* ViewController.m in Sources */,
			);
			runOnlyForDeploymentPostprocessing = 0;
		};
/* End PBXSourcesBuildPhase section */

/* Begin PBXVariantGroup section */
		410FAC9C174EDA0400CB118D /* InfoPlist.strings */ = {
			isa = PBXVariantGroup;
			children = (
				410FAC9D174EDA0400CB118D /* en */,
			);
			name = InfoPlist.strings;
			sourceTree = "<group>";
		};
		410FACAB174EDA0400CB118D /* MainStoryboard.storyboard */ = {
			isa = PBXVariantGroup;
			children = (
				410FACAC174EDA0400CB118D /* en */,
			);
			name = MainStoryboard.storyboard;
			sourceTree = "<group>";
		};
/* End PBXVariantGroup section */

/* Begin XCBuildConfiguration section */
		410FACB1174EDA0400CB118D /* Debug */ = {
			isa = XCBuildConfiguration;
			buildSettings = {
				ALWAYS_SEARCH_USER_PATHS = NO;
				CLANG_CXX_LANGUAGE_STANDARD = "gnu++0x";
				CLANG_CXX_LIBRARY = "libc++";
				CLANG_ENABLE_OBJC_ARC = YES;
				CLANG_WARN_CONSTANT_CONVERSION = YES;
				CLANG_WARN_EMPTY_BODY = YES;
				CLANG_WARN_ENUM_CONVERSION = YES;
				CLANG_WARN_INT_CONVERSION = YES;
				CLANG_WARN__DUPLICATE_METHOD_MATCH = YES;
				"CODE_SIGN_IDENTITY[sdk=iphoneos*]" = "iPhone Developer";
				COPY_PHASE_STRIP = NO;
				GCC_C_LANGUAGE_STANDARD = gnu99;
				GCC_DYNAMIC_NO_PIC = NO;
				GCC_OPTIMIZATION_LEVEL = 0;
				GCC_PREPROCESSOR_DEFINITIONS = (
					"DEBUG=1",
					"$(inherited)",
				);
				GCC_SYMBOLS_PRIVATE_EXTERN = NO;
				GCC_WARN_ABOUT_RETURN_TYPE = YES;
				GCC_WARN_UNINITIALIZED_AUTOS = YES;
				GCC_WARN_UNUSED_VARIABLE = YES;
				IPHONEOS_DEPLOYMENT_TARGET = 6.1;
				ONLY_ACTIVE_ARCH = YES;
				SDKROOT = iphoneos;
			};
			name = Debug;
		};
		410FACB2174EDA0400CB118D /* Release */ = {
			isa = XCBuildConfiguration;
			buildSettings = {
				ALWAYS_SEARCH_USER_PATHS = NO;
				CLANG_CXX_LANGUAGE_STANDARD = "gnu++0x";
				CLANG_CXX_LIBRARY = "libc++";
				CLANG_ENABLE_OBJC_ARC = YES;
				CLANG_WARN_CONSTANT_CONVERSION = YES;
				CLANG_WARN_EMPTY_BODY = YES;
				CLANG_WARN_ENUM_CONVERSION = YES;
				CLANG_WARN_INT_CONVERSION = YES;
				CLANG_WARN__DUPLICATE_METHOD_MATCH = YES;
				"CODE_SIGN_IDENTITY[sdk=iphoneos*]" = "iPhone Developer";
				COPY_PHASE_STRIP = YES;
				GCC_C_LANGUAGE_STANDARD = gnu99;
				GCC_WARN_ABOUT_RETURN_TYPE = YES;
				GCC_WARN_UNINITIALIZED_AUTOS = YES;
				GCC_WARN_UNUSED_VARIABLE = YES;
				IPHONEOS_DEPLOYMENT_TARGET = 6.1;
				OTHER_CFLAGS = "-DNS_BLOCK_ASSERTIONS=1";
				SDKROOT = iphoneos;
				VALIDATE_PRODUCT = YES;
			};
			name = Release;
		};
		410FACB4174EDA0400CB118D /* Debug */ = {
			isa = XCBuildConfiguration;
			buildSettings = {
				GCC_PRECOMPILE_PREFIX_HEADER = YES;
				GCC_PREFIX_HEADER = "testingGitHub/testingGitHub-Prefix.pch";
				INFOPLIST_FILE = "testingGitHub/testingGitHub-Info.plist";
				PRODUCT_NAME = "$(TARGET_NAME)";
				WRAPPER_EXTENSION = app;
			};
			name = Debug;
		};
		410FACB5174EDA0400CB118D /* Release */ = {
			isa = XCBuildConfiguration;
			buildSettings = {
				GCC_PRECOMPILE_PREFIX_HEADER = YES;
				GCC_PREFIX_HEADER = "testingGitHub/testingGitHub-Prefix.pch";
				INFOPLIST_FILE = "testingGitHub/testingGitHub-Info.plist";
				PRODUCT_NAME = "$(TARGET_NAME)";
				WRAPPER_EXTENSION = app;
			};
			name = Release;
		};
/* End XCBuildConfiguration section */

/* Begin XCConfigurationList section */
		410FAC8B174EDA0400CB118D /* Build configuration list for PBXProject "testingGitHub" */ = {
			isa = XCConfigurationList;
			buildConfigurations = (
				410FACB1174EDA0400CB118D /* Debug */,
				410FACB2174EDA0400CB118D /* Release */,
			);
			defaultConfigurationIsVisible = 0;
			defaultConfigurationName = Release;
		};
		410FACB3174EDA0400CB118D /* Build configuration list for PBXNativeTarget "testingGitHub" */ = {
			isa = XCConfigurationList;
			buildConfigurations = (
				410FACB4174EDA0400CB118D /* Debug */,
				410FACB5174EDA0400CB118D /* Release */,
			);
			defaultConfigurationIsVisible = 0;
		};
/* End XCConfigurationList section */
	};
	rootObject = 410FAC88174EDA0400CB118D /* Project object */;
}
